
Microsoft Visual Studio Solution File, Format Version 12.00
# Visual Studio Version 17
VisualStudioVersion = 17.8.34511.84
MinimumVisualStudioVersion = 10.0.40219.1
Project("{2150E333-8FDC-42A3-9474-1A3956D46DE8}") = "src", "src", "{F27EA491-F669-4F51-B8E3-5B233C2B91EB}"
EndProject
Project("{FAE04EC0-301F-11D3-BF4B-00C04F79EFBC}") = "EW.Desafio.WebApi", "EW.Desafio.WebApi\EW.Desafio.WebApi.csproj", "{E2C3E911-1677-4BE3-B305-96CA22C7E7C6}"
EndProject
Global
	GlobalSection(SolutionConfigurationPlatforms) = preSolution
		Debug|Any CPU = Debug|Any CPU
		Release|Any CPU = Release|Any CPU
	EndGlobalSection
	GlobalSection(ProjectConfigurationPlatforms) = postSolution
		{E2C3E911-1677-4BE3-B305-96CA22C7E7C6}.Debug|Any CPU.ActiveCfg = Debug|Any CPU
		{E2C3E911-1677-4BE3-B305-96CA22C7E7C6}.Debug|Any CPU.Build.0 = Debug|Any CPU
		{E2C3E911-1677-4BE3-B305-96CA22C7E7C6}.Release|Any CPU.ActiveCfg = Release|Any CPU
		{E2C3E911-1677-4BE3-B305-96CA22C7E7C6}.Release|Any CPU.Build.0 = Release|Any CPU
	EndGlobalSection
	GlobalSection(SolutionProperties) = preSolution
		HideSolutionNode = FALSE
	EndGlobalSection
	GlobalSection(NestedProjects) = preSolution
		{E2C3E911-1677-4BE3-B305-96CA22C7E7C6} = {F27EA491-F669-4F51-B8E3-5B233C2B91EB}
	EndGlobalSection
	GlobalSection(ExtensibilityGlobals) = postSolution
		SolutionGuid = {8B157AF1-69C1-4BCF-B02E-5F3DFCE5018F}
	EndGlobalSection
EndGlobal
